
Microsoft Visual Studio Solution File, Format Version 12.00
# Visual Studio 14
VisualStudioVersion = 14.0.25420.1
MinimumVisualStudioVersion = 10.0.40219.1
Project("{2150E333-8FDC-42A3-9474-1A3956D46DE8}") = "src", "src", "{A7CD0414-CC9E-499A-B44E-2C6D1217548E}"
EndProject
Project("{2150E333-8FDC-42A3-9474-1A3956D46DE8}") = "Solution Items", "Solution Items", "{90BEB810-85C8-4696-A229-6431384CA4E2}"
	ProjectSection(SolutionItems) = preProject
		global.json = global.json
	EndProjectSection
EndProject
Project("{8BB2217D-0F2D-49D1-97BC-3654ED321F3B}") = "TogglImporter", "src\TogglImporter\TogglImporter.xproj", "{5D64A93E-9FB6-4BFD-9962-79C8F36FF3A6}"
EndProject
Project("{8BB2217D-0F2D-49D1-97BC-3654ED321F3B}") = "Novaweb.Invoicing.UI", "src\Novaweb.Invoicing.UI\Novaweb.Invoicing.UI.xproj", "{579F8CBB-3F5A-4C3C-8271-DFF4FBC11F7A}"
EndProject
Project("{8BB2217D-0F2D-49D1-97BC-3654ED321F3B}") = "TransformRawData", "src\TransformRawData\TransformRawData.xproj", "{C3E4A562-585D-4177-B94F-E87DE39CCD29}"
EndProject
Project("{8BB2217D-0F2D-49D1-97BC-3654ED321F3B}") = "TogglModel", "src\TogglModel\TogglModel.xproj", "{19CDAA88-DB8B-4D93-88E2-29EB031BC2D8}"
EndProject
Project("{2150E333-8FDC-42A3-9474-1A3956D46DE8}") = "Toggl", "Toggl", "{9FD468F4-D229-4483-97DE-AC33D017847B}"
EndProject
Project("{8BB2217D-0F2D-49D1-97BC-3654ED321F3B}") = "Invoicing.Model", "src\Invoicing.Model\Invoicing.Model.xproj", "{A095910B-09C5-4376-B514-16FE7A629536}"
EndProject
Project("{8BB2217D-0F2D-49D1-97BC-3654ED321F3B}") = "GenerateInvoice", "src\GenerateInvoice\GenerateInvoice.xproj", "{3991ACE1-E052-4B15-A893-8120C21901E8}"
EndProject
Global
	GlobalSection(SolutionConfigurationPlatforms) = preSolution
		Debug|Any CPU = Debug|Any CPU
		Release|Any CPU = Release|Any CPU
	EndGlobalSection
	GlobalSection(ProjectConfigurationPlatforms) = postSolution
		{5D64A93E-9FB6-4BFD-9962-79C8F36FF3A6}.Debug|Any CPU.ActiveCfg = Debug|Any CPU
		{5D64A93E-9FB6-4BFD-9962-79C8F36FF3A6}.Debug|Any CPU.Build.0 = Debug|Any CPU
		{5D64A93E-9FB6-4BFD-9962-79C8F36FF3A6}.Release|Any CPU.ActiveCfg = Release|Any CPU
		{5D64A93E-9FB6-4BFD-9962-79C8F36FF3A6}.Release|Any CPU.Build.0 = Release|Any CPU
		{579F8CBB-3F5A-4C3C-8271-DFF4FBC11F7A}.Debug|Any CPU.ActiveCfg = Debug|Any CPU
		{579F8CBB-3F5A-4C3C-8271-DFF4FBC11F7A}.Debug|Any CPU.Build.0 = Debug|Any CPU
		{579F8CBB-3F5A-4C3C-8271-DFF4FBC11F7A}.Release|Any CPU.ActiveCfg = Release|Any CPU
		{579F8CBB-3F5A-4C3C-8271-DFF4FBC11F7A}.Release|Any CPU.Build.0 = Release|Any CPU
		{C3E4A562-585D-4177-B94F-E87DE39CCD29}.Debug|Any CPU.ActiveCfg = Debug|Any CPU
		{C3E4A562-585D-4177-B94F-E87DE39CCD29}.Debug|Any CPU.Build.0 = Debug|Any CPU
		{C3E4A562-585D-4177-B94F-E87DE39CCD29}.Release|Any CPU.ActiveCfg = Release|Any CPU
		{C3E4A562-585D-4177-B94F-E87DE39CCD29}.Release|Any CPU.Build.0 = Release|Any CPU
		{19CDAA88-DB8B-4D93-88E2-29EB031BC2D8}.Debug|Any CPU.ActiveCfg = Debug|Any CPU
		{19CDAA88-DB8B-4D93-88E2-29EB031BC2D8}.Debug|Any CPU.Build.0 = Debug|Any CPU
		{19CDAA88-DB8B-4D93-88E2-29EB031BC2D8}.Release|Any CPU.ActiveCfg = Release|Any CPU
		{19CDAA88-DB8B-4D93-88E2-29EB031BC2D8}.Release|Any CPU.Build.0 = Release|Any CPU
		{A095910B-09C5-4376-B514-16FE7A629536}.Debug|Any CPU.ActiveCfg = Debug|Any CPU
		{A095910B-09C5-4376-B514-16FE7A629536}.Debug|Any CPU.Build.0 = Debug|Any CPU
		{A095910B-09C5-4376-B514-16FE7A629536}.Release|Any CPU.ActiveCfg = Release|Any CPU
		{A095910B-09C5-4376-B514-16FE7A629536}.Release|Any CPU.Build.0 = Release|Any CPU
		{3991ACE1-E052-4B15-A893-8120C21901E8}.Debug|Any CPU.ActiveCfg = Debug|Any CPU
		{3991ACE1-E052-4B15-A893-8120C21901E8}.Debug|Any CPU.Build.0 = Debug|Any CPU
		{3991ACE1-E052-4B15-A893-8120C21901E8}.Release|Any CPU.ActiveCfg = Release|Any CPU
		{3991ACE1-E052-4B15-A893-8120C21901E8}.Release|Any CPU.Build.0 = Release|Any CPU
	EndGlobalSection
	GlobalSection(SolutionProperties) = preSolution
		HideSolutionNode = FALSE
	EndGlobalSection
	GlobalSection(NestedProjects) = preSolution
		{5D64A93E-9FB6-4BFD-9962-79C8F36FF3A6} = {9FD468F4-D229-4483-97DE-AC33D017847B}
		{579F8CBB-3F5A-4C3C-8271-DFF4FBC11F7A} = {A7CD0414-CC9E-499A-B44E-2C6D1217548E}
		{C3E4A562-585D-4177-B94F-E87DE39CCD29} = {A7CD0414-CC9E-499A-B44E-2C6D1217548E}
		{19CDAA88-DB8B-4D93-88E2-29EB031BC2D8} = {9FD468F4-D229-4483-97DE-AC33D017847B}
		{9FD468F4-D229-4483-97DE-AC33D017847B} = {A7CD0414-CC9E-499A-B44E-2C6D1217548E}
		{A095910B-09C5-4376-B514-16FE7A629536} = {A7CD0414-CC9E-499A-B44E-2C6D1217548E}
		{3991ACE1-E052-4B15-A893-8120C21901E8} = {A7CD0414-CC9E-499A-B44E-2C6D1217548E}
	EndGlobalSection
EndGlobal
